
Microsoft Visual Studio Solution File, Format Version 12.00
# Visual Studio Version 17
VisualStudioVersion = 17.1.32210.238
MinimumVisualStudioVersion = 10.0.40219.1
Project("{FAE04EC0-301F-11D3-BF4B-00C04F79EFBC}") = "clicker", "clicker\clicker.csproj", "{1F470785-1F63-4691-BE17-D2A5986B93C3}"
EndProject
Global
	GlobalSection(SolutionConfigurationPlatforms) = preSolution
		Debug|Any CPU = Debug|Any CPU
		Release|Any CPU = Release|Any CPU
	EndGlobalSection
	GlobalSection(ProjectConfigurationPlatforms) = postSolution
		{1F470785-1F63-4691-BE17-D2A5986B93C3}.Debug|Any CPU.ActiveCfg = Debug|Any CPU
		{1F470785-1F63-4691-BE17-D2A5986B93C3}.Debug|Any CPU.Build.0 = Debug|Any CPU
		{1F470785-1F63-4691-BE17-D2A5986B93C3}.Release|Any CPU.ActiveCfg = Release|Any CPU
		{1F470785-1F63-4691-BE17-D2A5986B93C3}.Release|Any CPU.Build.0 = Release|Any CPU
	EndGlobalSection
	GlobalSection(SolutionProperties) = preSolution
		HideSolutionNode = FALSE
	EndGlobalSection
	GlobalSection(ExtensibilityGlobals) = postSolution
		SolutionGuid = {6871EB5D-A16D-4CC2-8890-D9ADC404E944}
	EndGlobalSection
EndGlobal
